schema: '2.0'
stages:
  prepare:
    cmd: python src/preprocessing.py
    deps:
    - path: data/diabetes_binary.csv
      hash: md5
      md5: 8f90e44047182c5f32d10f0c4dd4890f
      size: 22738154
    - path: src/preprocessing.py
      hash: md5
      md5: 771f79551028da6ad7375cdf8264ec87
      size: 2194
    outs:
    - path: data/diabetes_preprocessing_pipeline.pkl
      hash: md5
      md5: 37a5e87e617142034ff36b0e6ebb0c53
      size: 2798
    - path: data/diabetes_test.csv
      hash: md5
      md5: 157795ebdc289db8119afa16afdee7d2
      size: 9896488
    - path: data/diabetes_train.csv
      hash: md5
      md5: 939fab22bd4b70a2e42e97d689a978d2
      size: 27499739
    - path: data/diabetes_val.csv
      hash: md5
      md5: ce38c0c92e5449547d5d702812dd9fc4
      size: 9893550
